
Microsoft Visual Studio Solution File, Format Version 12.00
# Visual Studio Version 17
VisualStudioVersion = 17.13.35919.96
MinimumVisualStudioVersion = 10.0.40219.1
Project("{FAE04EC0-301F-11D3-BF4B-00C04F79EFBC}") = "Presentation", "Presentation\Presentation.csproj", "{BC1B8C9D-31F1-4020-8DB6-97E2200DB0C6}"
EndProject
Project("{FAE04EC0-301F-11D3-BF4B-00C04F79EFBC}") = "Data", "Data\Data.csproj", "{4358F5D5-A6EB-4BC7-BFA5-A05FE54C1C31}"
EndProject
Project("{FAE04EC0-301F-11D3-BF4B-00C04F79EFBC}") = "Domain", "Domain\Domain.csproj", "{0E922B75-8CEF-4FD8-A431-426B897F167E}"
EndProject
Project("{FAE04EC0-301F-11D3-BF4B-00C04F79EFBC}") = "Business", "Business\Business.csproj", "{A62F87C1-5FED-4CCB-A0FB-50D4B044C7B4}"
EndProject
Project("{FAE04EC0-301F-11D3-BF4B-00C04F79EFBC}") = "Hubs", "Hubs\Hubs.csproj", "{4F7C6837-D3C7-48A2-BE26-32D1689350C7}"
EndProject
Global
	GlobalSection(SolutionConfigurationPlatforms) = preSolution
		Debug|Any CPU = Debug|Any CPU
		Release|Any CPU = Release|Any CPU
	EndGlobalSection
	GlobalSection(ProjectConfigurationPlatforms) = postSolution
		{BC1B8C9D-31F1-4020-8DB6-97E2200DB0C6}.Debug|Any CPU.ActiveCfg = Debug|Any CPU
		{BC1B8C9D-31F1-4020-8DB6-97E2200DB0C6}.Debug|Any CPU.Build.0 = Debug|Any CPU
		{BC1B8C9D-31F1-4020-8DB6-97E2200DB0C6}.Release|Any CPU.ActiveCfg = Release|Any CPU
		{BC1B8C9D-31F1-4020-8DB6-97E2200DB0C6}.Release|Any CPU.Build.0 = Release|Any CPU
		{4358F5D5-A6EB-4BC7-BFA5-A05FE54C1C31}.Debug|Any CPU.ActiveCfg = Debug|Any CPU
		{4358F5D5-A6EB-4BC7-BFA5-A05FE54C1C31}.Debug|Any CPU.Build.0 = Debug|Any CPU
		{4358F5D5-A6EB-4BC7-BFA5-A05FE54C1C31}.Release|Any CPU.ActiveCfg = Release|Any CPU
		{4358F5D5-A6EB-4BC7-BFA5-A05FE54C1C31}.Release|Any CPU.Build.0 = Release|Any CPU
		{0E922B75-8CEF-4FD8-A431-426B897F167E}.Debug|Any CPU.ActiveCfg = Debug|Any CPU
		{0E922B75-8CEF-4FD8-A431-426B897F167E}.Debug|Any CPU.Build.0 = Debug|Any CPU
		{0E922B75-8CEF-4FD8-A431-426B897F167E}.Release|Any CPU.ActiveCfg = Release|Any CPU
		{0E922B75-8CEF-4FD8-A431-426B897F167E}.Release|Any CPU.Build.0 = Release|Any CPU
		{A62F87C1-5FED-4CCB-A0FB-50D4B044C7B4}.Debug|Any CPU.ActiveCfg = Debug|Any CPU
		{A62F87C1-5FED-4CCB-A0FB-50D4B044C7B4}.Debug|Any CPU.Build.0 = Debug|Any CPU
		{A62F87C1-5FED-4CCB-A0FB-50D4B044C7B4}.Release|Any CPU.ActiveCfg = Release|Any CPU
		{A62F87C1-5FED-4CCB-A0FB-50D4B044C7B4}.Release|Any CPU.Build.0 = Release|Any CPU
		{4F7C6837-D3C7-48A2-BE26-32D1689350C7}.Debug|Any CPU.ActiveCfg = Debug|Any CPU
		{4F7C6837-D3C7-48A2-BE26-32D1689350C7}.Debug|Any CPU.Build.0 = Debug|Any CPU
		{4F7C6837-D3C7-48A2-BE26-32D1689350C7}.Release|Any CPU.ActiveCfg = Release|Any CPU
		{4F7C6837-D3C7-48A2-BE26-32D1689350C7}.Release|Any CPU.Build.0 = Release|Any CPU
	EndGlobalSection
	GlobalSection(SolutionProperties) = preSolution
		HideSolutionNode = FALSE
	EndGlobalSection
	GlobalSection(ExtensibilityGlobals) = postSolution
		SolutionGuid = {5E784A85-B64C-4087-82D8-FC37B63C076D}
	EndGlobalSection
EndGlobal
